# This file is autogenerated, do not edit; changes may be undone by the next 'dep ensure'.


[[projects]]
  digest = "1:8202cf914f0a0856d7342afb882238952e03e01f1baede47f12943c3009104f8"
  name = "github.com/json-schema-spec/json-schema-go"
  packages = ["."]
  pruneopts = "UT"
  revision = "5cfdede86b2119302fefc0aea6bee727cda396da"
  version = "v0.1.0"

[[projects]]
  branch = "master"
  digest = "1:5c2a27ad86055c82f9434390adc731d0398ff8f49abe0738dc658c0a67d1ec1e"
  name = "github.com/qri-io/jsonpointer"
  packages = ["."]
  pruneopts = "UT"
  revision = "168dd9e45cf211412d024e09e0358ee9297e7574"

[[projects]]
  branch = "master"
  digest = "1:801a6cbce9d3e7a0d599f55b086d39f529c9fa0c5dc5a2500f0d35c4095aa03d"
  name = "github.com/qri-io/jsonschema"
  packages = ["."]
  pruneopts = "UT"
  revision = "c222c3f3dfa8be5da2f5ebd95a50294b9b76e116"

[[projects]]
  digest = "1:7f7b0c89b1369eae401e305c4e82599e435e288bb9767a109e98555342882335"
  name = "github.com/santhosh-tekuri/jsonschema"
  packages = [
    ".",
    "decoders",
    "formats",
    "loader",
    "mediatypes",
  ]
  pruneopts = "UT"
  revision = "534765aa6277d702a0aaf99c986492dda697d48f"
  version = "v1.2.4"

[[projects]]
  digest = "1:e406c8abe158c24e64775a6381085014943301ffa175a7b53c33cb391ff9b4f2"
  name = "github.com/tidwall/gjson"
  packages = ["."]
  pruneopts = "UT"
  revision = "5a96cfda705e1762dc0671e26b0b78925ad97e29"
  version = "v1.1.5"

[[projects]]
  digest = "1:8453ddbed197809ee8ca28b06bd04e127bec9912deb4ba451fea7a1eca578328"
  name = "github.com/tidwall/match"
  packages = ["."]
  pruneopts = "UT"
  revision = "33827db735fff6510490d69a8622612558a557ed"
  version = "v1.0.1"

[[projects]]
  digest = "1:ea8da5f44f5e15bb589cca1bd9b85ceb9c05257e83824a725fb0243665e3ce1c"
  name = "github.com/tidwall/sjson"
  packages = ["."]
  pruneopts = "UT"
  revision = "c943cc8c8d751d9b33444adf78ae04c2fc8be754"
  version = "v1.0.3"

[[projects]]
  branch = "master"
  digest = "1:a7360aeec6e31d57a5a4bdabaa760fa240c4d4e55325f52701a71c44653ea731"
  name = "github.com/ucarion/json-pointer"
  packages = ["."]
  pruneopts = "UT"
  revision = "08f4c85b0419395206969220539ee5a453a3195d"

[[projects]]
  branch = "master"
  digest = "1:f4e5276a3b356f4692107047fd2890f2fe534f4feeb6b1fd2f6dfbd87f1ccf54"
  name = "github.com/xeipuuv/gojsonpointer"
  packages = ["."]
  pruneopts = "UT"
  revision = "4e3ac2762d5f479393488629ee9370b50873b3a6"

[[projects]]
  branch = "master"
  digest = "1:dc6a6c28ca45d38cfce9f7cb61681ee38c5b99ec1425339bfc1e1a7ba769c807"
  name = "github.com/xeipuuv/gojsonreference"
  packages = ["."]
  pruneopts = "UT"
  revision = "bd5ef7bd5415a7ac448318e64f11a24cd21e594b"

[[projects]]
  digest = "1:1c898ea6c30c16e8d55fdb6fe44c4bee5f9b7d68aa260cfdfc3024491dcc7bea"
  name = "github.com/xeipuuv/gojsonschema"
  packages = ["."]
  pruneopts = "UT"
  revision = "f971f3cd73b2899de6923801c147f075263e0c50"
  version = "v1.1.0"

[solve-meta]
  analyzer-name = "dep"
  analyzer-version = 1
  input-imports = [
    "github.com/json-schema-spec/json-schema-go",
    "github.com/qri-io/jsonschema",
    "github.com/santhosh-tekuri/jsonschema",
    "github.com/tidwall/sjson",
    "github.com/xeipuuv/gojsonschema",
  ]
  solver-name = "gps-cdcl"
  solver-version = 1
